# Generated by buf. DO NOT EDIT.
version: v2
deps:
  - name: buf.build/googleapis/googleapis
    commit: 004180b77378443887d3b55cabc00384
    digest: b5:e8f475fe3330f31f5fd86ac689093bcd274e19611a09db91f41d637cb9197881ce89882b94d13a58738e53c91c6e4bae7dc1feba85f590164c975a89e25115dc
  - name: buf.build/grpc/grpc
    commit: aa450c36c73248a6a555b7ceb87e1cd4
    digest: b5:1a1c9f7ed642ea527afca5a812f38991e92ecfc6c32010ad357d65ed6dd305e81c5185c09b830f7ede6dd5a0c3d8d7d2e42132e9c88c90c99981548df5156ffb
